
Microsoft Visual Studio Solution File, Format Version 12.00
# Visual Studio Version 16
VisualStudioVersion = 16.0.30711.63
MinimumVisualStudioVersion = 10.0.40219.1
Project("{9A19103F-16F7-4668-BE54-9A1E7A4F7556}") = "Bliss.Recruitment.Simple.Api", "Bliss.Recruitment.Simple.Api\Bliss.Recruitment.Simple.Api.csproj", "{A819A789-72E9-4D9C-A87B-5DA5CBD26055}"
EndProject
Project("{9A19103F-16F7-4668-BE54-9A1E7A4F7556}") = "Bliss.Recruitment.Simple.Core", "Bliss.Recruitment.Simple.Core\Bliss.Recruitment.Simple.Core.csproj", "{A7105E73-A4A9-4BBB-9BD5-2F20460F5B8A}"
EndProject
Project("{9A19103F-16F7-4668-BE54-9A1E7A4F7556}") = "Bliss.Recruitment.Simple.Data", "Bliss.Recruitment.Simple.Data\Bliss.Recruitment.Simple.Data.csproj", "{9D4C4167-DAE7-4CC4-AD51-FE1A840A00AB}"
EndProject
Project("{E53339B2-1760-4266-BCC7-CA923CBCF16C}") = "docker-compose", "docker-compose.dcproj", "{2C00DDAE-FC1C-4982-AECC-38EA523462C5}"
EndProject
Project("{2150E333-8FDC-42A3-9474-1A3956D46DE8}") = "Solution Items", "Solution Items", "{D4F07AF8-494A-4412-8BD1-B729E9D94A2C}"
	ProjectSection(SolutionItems) = preProject
		Readme.md = Readme.md
	EndProjectSection
EndProject
Project("{9A19103F-16F7-4668-BE54-9A1E7A4F7556}") = "Bliss.Recruitment.Simple.FunctionalTests", "Bliss.Recruitment.Simple.FunctionalTests\Bliss.Recruitment.Simple.FunctionalTests.csproj", "{05EC4847-B9EC-40E0-82BB-80780CD0460C}"
EndProject
Project("{9A19103F-16F7-4668-BE54-9A1E7A4F7556}") = "Bliss.Recruitment.Simple.Core.UnitTests", "Bliss.Recruitment.Simple.Core.UnitTests\Bliss.Recruitment.Simple.Core.UnitTests.csproj", "{87514917-CA6D-4017-BB32-EBB89E7E6712}"
EndProject
Project("{9A19103F-16F7-4668-BE54-9A1E7A4F7556}") = "Bliss.Recruitment.Simple.Abstractions", "Bliss.Recruitment.Simple.Abstractions\Bliss.Recruitment.Simple.Abstractions.csproj", "{B2FB068D-6FB2-463E-8E8F-577DD26B64D8}"
EndProject
Global
	GlobalSection(SolutionConfigurationPlatforms) = preSolution
		Debug|Any CPU = Debug|Any CPU
		Release|Any CPU = Release|Any CPU
	EndGlobalSection
	GlobalSection(ProjectConfigurationPlatforms) = postSolution
		{A819A789-72E9-4D9C-A87B-5DA5CBD26055}.Debug|Any CPU.ActiveCfg = Debug|Any CPU
		{A819A789-72E9-4D9C-A87B-5DA5CBD26055}.Debug|Any CPU.Build.0 = Debug|Any CPU
		{A819A789-72E9-4D9C-A87B-5DA5CBD26055}.Release|Any CPU.ActiveCfg = Release|Any CPU
		{A819A789-72E9-4D9C-A87B-5DA5CBD26055}.Release|Any CPU.Build.0 = Release|Any CPU
		{A7105E73-A4A9-4BBB-9BD5-2F20460F5B8A}.Debug|Any CPU.ActiveCfg = Debug|Any CPU
		{A7105E73-A4A9-4BBB-9BD5-2F20460F5B8A}.Debug|Any CPU.Build.0 = Debug|Any CPU
		{A7105E73-A4A9-4BBB-9BD5-2F20460F5B8A}.Release|Any CPU.ActiveCfg = Release|Any CPU
		{A7105E73-A4A9-4BBB-9BD5-2F20460F5B8A}.Release|Any CPU.Build.0 = Release|Any CPU
		{9D4C4167-DAE7-4CC4-AD51-FE1A840A00AB}.Debug|Any CPU.ActiveCfg = Debug|Any CPU
		{9D4C4167-DAE7-4CC4-AD51-FE1A840A00AB}.Debug|Any CPU.Build.0 = Debug|Any CPU
		{9D4C4167-DAE7-4CC4-AD51-FE1A840A00AB}.Release|Any CPU.ActiveCfg = Release|Any CPU
		{9D4C4167-DAE7-4CC4-AD51-FE1A840A00AB}.Release|Any CPU.Build.0 = Release|Any CPU
		{2C00DDAE-FC1C-4982-AECC-38EA523462C5}.Debug|Any CPU.ActiveCfg = Debug|Any CPU
		{2C00DDAE-FC1C-4982-AECC-38EA523462C5}.Debug|Any CPU.Build.0 = Debug|Any CPU
		{2C00DDAE-FC1C-4982-AECC-38EA523462C5}.Release|Any CPU.ActiveCfg = Release|Any CPU
		{2C00DDAE-FC1C-4982-AECC-38EA523462C5}.Release|Any CPU.Build.0 = Release|Any CPU
		{05EC4847-B9EC-40E0-82BB-80780CD0460C}.Debug|Any CPU.ActiveCfg = Debug|Any CPU
		{05EC4847-B9EC-40E0-82BB-80780CD0460C}.Debug|Any CPU.Build.0 = Debug|Any CPU
		{05EC4847-B9EC-40E0-82BB-80780CD0460C}.Release|Any CPU.ActiveCfg = Release|Any CPU
		{05EC4847-B9EC-40E0-82BB-80780CD0460C}.Release|Any CPU.Build.0 = Release|Any CPU
		{87514917-CA6D-4017-BB32-EBB89E7E6712}.Debug|Any CPU.ActiveCfg = Debug|Any CPU
		{87514917-CA6D-4017-BB32-EBB89E7E6712}.Debug|Any CPU.Build.0 = Debug|Any CPU
		{87514917-CA6D-4017-BB32-EBB89E7E6712}.Release|Any CPU.ActiveCfg = Release|Any CPU
		{87514917-CA6D-4017-BB32-EBB89E7E6712}.Release|Any CPU.Build.0 = Release|Any CPU
		{B2FB068D-6FB2-463E-8E8F-577DD26B64D8}.Debug|Any CPU.ActiveCfg = Debug|Any CPU
		{B2FB068D-6FB2-463E-8E8F-577DD26B64D8}.Debug|Any CPU.Build.0 = Debug|Any CPU
		{B2FB068D-6FB2-463E-8E8F-577DD26B64D8}.Release|Any CPU.ActiveCfg = Release|Any CPU
		{B2FB068D-6FB2-463E-8E8F-577DD26B64D8}.Release|Any CPU.Build.0 = Release|Any CPU
	EndGlobalSection
	GlobalSection(SolutionProperties) = preSolution
		HideSolutionNode = FALSE
	EndGlobalSection
	GlobalSection(ExtensibilityGlobals) = postSolution
		SolutionGuid = {6FC35CD4-B881-4E34-8DEF-9B434FE96133}
	EndGlobalSection
EndGlobal
